<Solution>
  <Configurations>
    <Platform Name="Any CPU" />
    <Platform Name="x64" />
    <Platform Name="x86" />
  </Configurations>
  <Project Path="RG.OpenCopilot.PRGenerationAgent/RG.OpenCopilot.PRGenerationAgent.csproj" />
  <Project Path="RG.OpenCopilot.PRGenerationAgent.Services/RG.OpenCopilot.PRGenerationAgent.Services.csproj" />
  <Project Path="RG.OpenCopilot.GitHubApp/RG.OpenCopilot.GitHubApp.csproj" />
  <Project Path="RG.OpenCopilot.Tests/RG.OpenCopilot.Tests.csproj" />
</Solution>
